
Microsoft Visual Studio Solution File, Format Version 12.00
# Visual Studio Version 17
VisualStudioVersion = 17.3.32929.385
MinimumVisualStudioVersion = 10.0.40219.1
Project("{2150E333-8FDC-42A3-9474-1A3956D46DE8}") = "_Solution Items", "_Solution Items", "{9E53695F-F8B0-4697-AF95-F9760218755D}"
	ProjectSection(SolutionItems) = preProject
		.editorconfig = .editorconfig
		.gitignore = .gitignore
		LICENSE = LICENSE
		README.md = README.md
	EndProjectSection
EndProject
Project("{9A19103F-16F7-4668-BE54-9A1E7A4F7556}") = "OmieSharp", "src\OmieSharp\OmieSharp.csproj", "{7F020B76-7F1E-4A53-A404-716B5EFD5346}"
EndProject
Project("{2150E333-8FDC-42A3-9474-1A3956D46DE8}") = "tests", "tests", "{774AB37E-B176-4710-808B-49039B131CEE}"
EndProject
Project("{9A19103F-16F7-4668-BE54-9A1E7A4F7556}") = "OmieSharp.IntegrationTests", "test\OmieSharp.IntegrationTests\OmieSharp.IntegrationTests.csproj", "{58B5D3AC-7D71-439A-A7AA-1E412C883B91}"
EndProject
Project("{2150E333-8FDC-42A3-9474-1A3956D46DE8}") = "lib", "lib", "{35014085-09F6-4180-A8EB-AE9E2FA40B43}"
EndProject
Global
	GlobalSection(SolutionConfigurationPlatforms) = preSolution
		Debug|Any CPU = Debug|Any CPU
		Release|Any CPU = Release|Any CPU
	EndGlobalSection
	GlobalSection(ProjectConfigurationPlatforms) = postSolution
		{7F020B76-7F1E-4A53-A404-716B5EFD5346}.Debug|Any CPU.ActiveCfg = Debug|Any CPU
		{7F020B76-7F1E-4A53-A404-716B5EFD5346}.Debug|Any CPU.Build.0 = Debug|Any CPU
		{7F020B76-7F1E-4A53-A404-716B5EFD5346}.Release|Any CPU.ActiveCfg = Release|Any CPU
		{7F020B76-7F1E-4A53-A404-716B5EFD5346}.Release|Any CPU.Build.0 = Release|Any CPU
		{58B5D3AC-7D71-439A-A7AA-1E412C883B91}.Debug|Any CPU.ActiveCfg = Debug|Any CPU
		{58B5D3AC-7D71-439A-A7AA-1E412C883B91}.Debug|Any CPU.Build.0 = Debug|Any CPU
		{58B5D3AC-7D71-439A-A7AA-1E412C883B91}.Release|Any CPU.ActiveCfg = Release|Any CPU
		{58B5D3AC-7D71-439A-A7AA-1E412C883B91}.Release|Any CPU.Build.0 = Release|Any CPU
	EndGlobalSection
	GlobalSection(SolutionProperties) = preSolution
		HideSolutionNode = FALSE
	EndGlobalSection
	GlobalSection(NestedProjects) = preSolution
		{7F020B76-7F1E-4A53-A404-716B5EFD5346} = {35014085-09F6-4180-A8EB-AE9E2FA40B43}
		{58B5D3AC-7D71-439A-A7AA-1E412C883B91} = {774AB37E-B176-4710-808B-49039B131CEE}
	EndGlobalSection
	GlobalSection(ExtensibilityGlobals) = postSolution
		SolutionGuid = {0DBF44C4-5EE9-4E7F-8324-52CF00A92EF4}
	EndGlobalSection
EndGlobal
